
Microsoft Visual Studio Solution File, Format Version 12.00
# Visual Studio 14
VisualStudioVersion = 14.0.23107.0
MinimumVisualStudioVersion = 10.0.40219.1
Project("{FAE04EC0-301F-11D3-BF4B-00C04F79EFBC}") = "BugzillaDotNet", "BugzillaDotNet\BugzillaDotNet.csproj", "{2325F145-1B3E-40B7-A8E8-1E3D289DE936}"
EndProject
Project("{FAE04EC0-301F-11D3-BF4B-00C04F79EFBC}") = "Bugzilla.Console", "Bugzilla.Console\Bugzilla.Console.csproj", "{3DE88466-8CC6-41FB-81B3-A409CC257B64}"
EndProject
Global
	GlobalSection(SolutionConfigurationPlatforms) = preSolution
		Debug|Any CPU = Debug|Any CPU
		Release|Any CPU = Release|Any CPU
	EndGlobalSection
	GlobalSection(ProjectConfigurationPlatforms) = postSolution
		{2325F145-1B3E-40B7-A8E8-1E3D289DE936}.Debug|Any CPU.ActiveCfg = Debug|Any CPU
		{2325F145-1B3E-40B7-A8E8-1E3D289DE936}.Debug|Any CPU.Build.0 = Debug|Any CPU
		{2325F145-1B3E-40B7-A8E8-1E3D289DE936}.Release|Any CPU.ActiveCfg = Release|Any CPU
		{2325F145-1B3E-40B7-A8E8-1E3D289DE936}.Release|Any CPU.Build.0 = Release|Any CPU
		{3DE88466-8CC6-41FB-81B3-A409CC257B64}.Debug|Any CPU.ActiveCfg = Debug|Any CPU
		{3DE88466-8CC6-41FB-81B3-A409CC257B64}.Debug|Any CPU.Build.0 = Debug|Any CPU
		{3DE88466-8CC6-41FB-81B3-A409CC257B64}.Release|Any CPU.ActiveCfg = Release|Any CPU
		{3DE88466-8CC6-41FB-81B3-A409CC257B64}.Release|Any CPU.Build.0 = Release|Any CPU
	EndGlobalSection
	GlobalSection(SolutionProperties) = preSolution
		HideSolutionNode = FALSE
	EndGlobalSection
EndGlobal
